
Microsoft Visual Studio Solution File, Format Version 12.00
# Visual Studio 2012
Project("{FAE04EC0-301F-11D3-BF4B-00C04F79EFBC}") = "Replacer", "Replacer\Replacer.csproj", "{5E7F76C1-74BD-4578-B9E4-98A3C63EE47A}"
EndProject
Global
	GlobalSection(SolutionConfigurationPlatforms) = preSolution
		Debug|Any CPU = Debug|Any CPU
		Release|Any CPU = Release|Any CPU
	EndGlobalSection
	GlobalSection(ProjectConfigurationPlatforms) = postSolution
		{5E7F76C1-74BD-4578-B9E4-98A3C63EE47A}.Debug|Any CPU.ActiveCfg = Debug|Any CPU
		{5E7F76C1-74BD-4578-B9E4-98A3C63EE47A}.Debug|Any CPU.Build.0 = Debug|Any CPU
		{5E7F76C1-74BD-4578-B9E4-98A3C63EE47A}.Release|Any CPU.ActiveCfg = Release|Any CPU
		{5E7F76C1-74BD-4578-B9E4-98A3C63EE47A}.Release|Any CPU.Build.0 = Release|Any CPU
	EndGlobalSection
	GlobalSection(SolutionProperties) = preSolution
		HideSolutionNode = FALSE
	EndGlobalSection
EndGlobal
